
Microsoft Visual Studio Solution File, Format Version 12.00
# Visual Studio Version 17
VisualStudioVersion = 17.7.34202.233
MinimumVisualStudioVersion = 10.0.40219.1
Project("{FAE04EC0-301F-11D3-BF4B-00C04F79EFBC}") = "WebAPI", "WebAPI\WebAPI.csproj", "{5DEDF4F9-3149-47D6-B20B-7B5F6E48E2CD}"
EndProject
Project("{FAE04EC0-301F-11D3-BF4B-00C04F79EFBC}") = "PopescuBejat_Vlad_Lab11", "PopescuBejat_Vlad_Lab11\PopescuBejat_Vlad_Lab11.csproj", "{7F6807DA-7C30-4A26-8E39-1CDD31145EB8}"
EndProject
Global
	GlobalSection(SolutionConfigurationPlatforms) = preSolution
		Debug|Any CPU = Debug|Any CPU
		Release|Any CPU = Release|Any CPU
	EndGlobalSection
	GlobalSection(ProjectConfigurationPlatforms) = postSolution
		{5DEDF4F9-3149-47D6-B20B-7B5F6E48E2CD}.Debug|Any CPU.ActiveCfg = Debug|Any CPU
		{5DEDF4F9-3149-47D6-B20B-7B5F6E48E2CD}.Debug|Any CPU.Build.0 = Debug|Any CPU
		{5DEDF4F9-3149-47D6-B20B-7B5F6E48E2CD}.Release|Any CPU.ActiveCfg = Release|Any CPU
		{5DEDF4F9-3149-47D6-B20B-7B5F6E48E2CD}.Release|Any CPU.Build.0 = Release|Any CPU
		{7F6807DA-7C30-4A26-8E39-1CDD31145EB8}.Debug|Any CPU.ActiveCfg = Debug|Any CPU
		{7F6807DA-7C30-4A26-8E39-1CDD31145EB8}.Debug|Any CPU.Build.0 = Debug|Any CPU
		{7F6807DA-7C30-4A26-8E39-1CDD31145EB8}.Debug|Any CPU.Deploy.0 = Debug|Any CPU
		{7F6807DA-7C30-4A26-8E39-1CDD31145EB8}.Release|Any CPU.ActiveCfg = Release|Any CPU
		{7F6807DA-7C30-4A26-8E39-1CDD31145EB8}.Release|Any CPU.Build.0 = Release|Any CPU
		{7F6807DA-7C30-4A26-8E39-1CDD31145EB8}.Release|Any CPU.Deploy.0 = Release|Any CPU
	EndGlobalSection
	GlobalSection(SolutionProperties) = preSolution
		HideSolutionNode = FALSE
	EndGlobalSection
	GlobalSection(ExtensibilityGlobals) = postSolution
		SolutionGuid = {BFD767F6-5803-4F83-AE81-FBC12A466913}
	EndGlobalSection
EndGlobal
